  - alias: 'Hue light on gradually with alarm'
    trigger:
      platform: template
      value_template: "{{ states('sensor.time') == states('input_datetime.alarm_time')[0:5] }}"
    condition:
      condition: state
      entity_id: input_boolean.alarm_clock_status
      state: 'on'
    action:
      service: script.goedemorgen